
Microsoft Visual Studio Solution File, Format Version 12.00
# Visual Studio 14
VisualStudioVersion = 14.0.25420.1
MinimumVisualStudioVersion = 10.0.40219.1
Project("{FAE04EC0-301F-11D3-BF4B-00C04F79EFBC}") = "ControladorDePedidos.WPF", "ControladorDePedidos.WPF\ControladorDePedidos.WPF.csproj", "{966FE779-747F-4303-A110-A6FA63990DDE}"
EndProject
Project("{FAE04EC0-301F-11D3-BF4B-00C04F79EFBC}") = "ControladorDePedidos.Model", "ControladorDePedidos.MOdel\ControladorDePedidos.Model.csproj", "{61F80C85-C681-4FDC-9315-07813EDE3181}"
EndProject
Project("{FAE04EC0-301F-11D3-BF4B-00C04F79EFBC}") = "ControladorDePedidos.Repositorio", "ControladorDePedidos.Repositorio\ControladorDePedidos.Repositorio.csproj", "{21638E78-EA76-4938-B1D8-C556828D667A}"
EndProject
Global
	GlobalSection(SolutionConfigurationPlatforms) = preSolution
		Debug|Any CPU = Debug|Any CPU
		Release|Any CPU = Release|Any CPU
	EndGlobalSection
	GlobalSection(ProjectConfigurationPlatforms) = postSolution
		{966FE779-747F-4303-A110-A6FA63990DDE}.Debug|Any CPU.ActiveCfg = Debug|Any CPU
		{966FE779-747F-4303-A110-A6FA63990DDE}.Debug|Any CPU.Build.0 = Debug|Any CPU
		{966FE779-747F-4303-A110-A6FA63990DDE}.Release|Any CPU.ActiveCfg = Release|Any CPU
		{966FE779-747F-4303-A110-A6FA63990DDE}.Release|Any CPU.Build.0 = Release|Any CPU
		{61F80C85-C681-4FDC-9315-07813EDE3181}.Debug|Any CPU.ActiveCfg = Debug|Any CPU
		{61F80C85-C681-4FDC-9315-07813EDE3181}.Debug|Any CPU.Build.0 = Debug|Any CPU
		{61F80C85-C681-4FDC-9315-07813EDE3181}.Release|Any CPU.ActiveCfg = Release|Any CPU
		{61F80C85-C681-4FDC-9315-07813EDE3181}.Release|Any CPU.Build.0 = Release|Any CPU
		{21638E78-EA76-4938-B1D8-C556828D667A}.Debug|Any CPU.ActiveCfg = Debug|Any CPU
		{21638E78-EA76-4938-B1D8-C556828D667A}.Debug|Any CPU.Build.0 = Debug|Any CPU
		{21638E78-EA76-4938-B1D8-C556828D667A}.Release|Any CPU.ActiveCfg = Release|Any CPU
		{21638E78-EA76-4938-B1D8-C556828D667A}.Release|Any CPU.Build.0 = Release|Any CPU
	EndGlobalSection
	GlobalSection(SolutionProperties) = preSolution
		HideSolutionNode = FALSE
	EndGlobalSection
EndGlobal
